
Microsoft Visual Studio Solution File, Format Version 12.00
# Visual Studio Version 17
VisualStudioVersion = 17.9.34622.214
MinimumVisualStudioVersion = 10.0.40219.1
Project("{FAE04EC0-301F-11D3-BF4B-00C04F79EFBC}") = "Task7", "Task7.csproj", "{41E8F056-1849-4866-A0B2-10EE6F054576}"
EndProject
Global
	GlobalSection(SolutionConfigurationPlatforms) = preSolution
		Debug|Any CPU = Debug|Any CPU
		Release|Any CPU = Release|Any CPU
	EndGlobalSection
	GlobalSection(ProjectConfigurationPlatforms) = postSolution
		{41E8F056-1849-4866-A0B2-10EE6F054576}.Debug|Any CPU.ActiveCfg = Debug|Any CPU
		{41E8F056-1849-4866-A0B2-10EE6F054576}.Debug|Any CPU.Build.0 = Debug|Any CPU
		{41E8F056-1849-4866-A0B2-10EE6F054576}.Release|Any CPU.ActiveCfg = Release|Any CPU
		{41E8F056-1849-4866-A0B2-10EE6F054576}.Release|Any CPU.Build.0 = Release|Any CPU
	EndGlobalSection
	GlobalSection(SolutionProperties) = preSolution
		HideSolutionNode = FALSE
	EndGlobalSection
	GlobalSection(ExtensibilityGlobals) = postSolution
		SolutionGuid = {160C2AF6-F757-4FE9-9164-88BDBEFCC671}
	EndGlobalSection
EndGlobal
