
Microsoft Visual Studio Solution File, Format Version 12.00
# Visual Studio Version 16
VisualStudioVersion = 16.0.34601.136
MinimumVisualStudioVersion = 10.0.40219.1
Project("{FAE04EC0-301F-11D3-BF4B-00C04F79EFBC}") = "LTMCB_Lab1", "LTMCB_Lab1.csproj", "{357DE1DF-CCF5-4F80-9F34-74C547E04263}"
EndProject
Global
	GlobalSection(SolutionConfigurationPlatforms) = preSolution
		Debug|Any CPU = Debug|Any CPU
		Release|Any CPU = Release|Any CPU
	EndGlobalSection
	GlobalSection(ProjectConfigurationPlatforms) = postSolution
		{357DE1DF-CCF5-4F80-9F34-74C547E04263}.Debug|Any CPU.ActiveCfg = Debug|Any CPU
		{357DE1DF-CCF5-4F80-9F34-74C547E04263}.Debug|Any CPU.Build.0 = Debug|Any CPU
		{357DE1DF-CCF5-4F80-9F34-74C547E04263}.Release|Any CPU.ActiveCfg = Release|Any CPU
		{357DE1DF-CCF5-4F80-9F34-74C547E04263}.Release|Any CPU.Build.0 = Release|Any CPU
	EndGlobalSection
	GlobalSection(SolutionProperties) = preSolution
		HideSolutionNode = FALSE
	EndGlobalSection
	GlobalSection(ExtensibilityGlobals) = postSolution
		SolutionGuid = {03D204D2-98DE-49CA-8BC6-609CC3A5193A}
	EndGlobalSection
EndGlobal
