
Microsoft Visual Studio Solution File, Format Version 12.00
# Visual Studio Version 16
VisualStudioVersion = 16.0.34601.136
MinimumVisualStudioVersion = 10.0.40219.1
Project("{FAE04EC0-301F-11D3-BF4B-00C04F79EFBC}") = "Lab1", "Lab1\Lab1.csproj", "{1A6B31EF-BBC8-41F7-8E05-338138F94DF0}"
EndProject
Project("{FAE04EC0-301F-11D3-BF4B-00C04F79EFBC}") = "Lab2", "Lab2\Lab2.csproj", "{80897D79-551C-47B3-BA9A-E51719E8AA53}"
EndProject
Global
	GlobalSection(SolutionConfigurationPlatforms) = preSolution
		Debug|Any CPU = Debug|Any CPU
		Release|Any CPU = Release|Any CPU
	EndGlobalSection
	GlobalSection(ProjectConfigurationPlatforms) = postSolution
		{1A6B31EF-BBC8-41F7-8E05-338138F94DF0}.Debug|Any CPU.ActiveCfg = Debug|Any CPU
		{1A6B31EF-BBC8-41F7-8E05-338138F94DF0}.Debug|Any CPU.Build.0 = Debug|Any CPU
		{1A6B31EF-BBC8-41F7-8E05-338138F94DF0}.Release|Any CPU.ActiveCfg = Release|Any CPU
		{1A6B31EF-BBC8-41F7-8E05-338138F94DF0}.Release|Any CPU.Build.0 = Release|Any CPU
		{80897D79-551C-47B3-BA9A-E51719E8AA53}.Debug|Any CPU.ActiveCfg = Debug|Any CPU
		{80897D79-551C-47B3-BA9A-E51719E8AA53}.Debug|Any CPU.Build.0 = Debug|Any CPU
		{80897D79-551C-47B3-BA9A-E51719E8AA53}.Release|Any CPU.ActiveCfg = Release|Any CPU
		{80897D79-551C-47B3-BA9A-E51719E8AA53}.Release|Any CPU.Build.0 = Release|Any CPU
	EndGlobalSection
	GlobalSection(SolutionProperties) = preSolution
		HideSolutionNode = FALSE
	EndGlobalSection
	GlobalSection(ExtensibilityGlobals) = postSolution
		SolutionGuid = {F0D098CD-B32A-400B-9F22-CE6F6D53FFF3}
	EndGlobalSection
EndGlobal
