
Microsoft Visual Studio Solution File, Format Version 12.00
# Visual Studio Version 17
VisualStudioVersion = 17.10.34804.81
MinimumVisualStudioVersion = 10.0.40219.1
Project("{9A19103F-16F7-4668-BE54-9A1E7A4F7556}") = "Task12356", "Task123\Task12356.csproj", "{472CFE11-5028-4B3F-A554-29D79C551021}"
EndProject
Project("{FAE04EC0-301F-11D3-BF4B-00C04F79EFBC}") = "Theater", "Theater\Theater.csproj", "{E63D1508-0172-46B6-A3CD-08047EF3D822}"
EndProject
Project("{FAE04EC0-301F-11D3-BF4B-00C04F79EFBC}") = "Task56", "Task56\Task56.csproj", "{BE26505F-4191-45CC-BB12-BE21D214C532}"
EndProject
Project("{FAE04EC0-301F-11D3-BF4B-00C04F79EFBC}") = "FoodToday", "FoodToday\FoodToday.csproj", "{E5B4CAF7-6575-49EE-9AD7-1B0D1114E59C}"
EndProject
Global
	GlobalSection(SolutionConfigurationPlatforms) = preSolution
		Debug|Any CPU = Debug|Any CPU
		Release|Any CPU = Release|Any CPU
	EndGlobalSection
	GlobalSection(ProjectConfigurationPlatforms) = postSolution
		{472CFE11-5028-4B3F-A554-29D79C551021}.Debug|Any CPU.ActiveCfg = Debug|Any CPU
		{472CFE11-5028-4B3F-A554-29D79C551021}.Debug|Any CPU.Build.0 = Debug|Any CPU
		{472CFE11-5028-4B3F-A554-29D79C551021}.Release|Any CPU.ActiveCfg = Release|Any CPU
		{472CFE11-5028-4B3F-A554-29D79C551021}.Release|Any CPU.Build.0 = Release|Any CPU
		{E63D1508-0172-46B6-A3CD-08047EF3D822}.Debug|Any CPU.ActiveCfg = Debug|Any CPU
		{E63D1508-0172-46B6-A3CD-08047EF3D822}.Debug|Any CPU.Build.0 = Debug|Any CPU
		{E63D1508-0172-46B6-A3CD-08047EF3D822}.Release|Any CPU.ActiveCfg = Release|Any CPU
		{E63D1508-0172-46B6-A3CD-08047EF3D822}.Release|Any CPU.Build.0 = Release|Any CPU
		{BE26505F-4191-45CC-BB12-BE21D214C532}.Debug|Any CPU.ActiveCfg = Debug|Any CPU
		{BE26505F-4191-45CC-BB12-BE21D214C532}.Debug|Any CPU.Build.0 = Debug|Any CPU
		{BE26505F-4191-45CC-BB12-BE21D214C532}.Release|Any CPU.ActiveCfg = Release|Any CPU
		{BE26505F-4191-45CC-BB12-BE21D214C532}.Release|Any CPU.Build.0 = Release|Any CPU
		{E5B4CAF7-6575-49EE-9AD7-1B0D1114E59C}.Debug|Any CPU.ActiveCfg = Debug|Any CPU
		{E5B4CAF7-6575-49EE-9AD7-1B0D1114E59C}.Debug|Any CPU.Build.0 = Debug|Any CPU
		{E5B4CAF7-6575-49EE-9AD7-1B0D1114E59C}.Release|Any CPU.ActiveCfg = Release|Any CPU
		{E5B4CAF7-6575-49EE-9AD7-1B0D1114E59C}.Release|Any CPU.Build.0 = Release|Any CPU
	EndGlobalSection
	GlobalSection(SolutionProperties) = preSolution
		HideSolutionNode = FALSE
	EndGlobalSection
	GlobalSection(ExtensibilityGlobals) = postSolution
		SolutionGuid = {58CEC0E2-3331-449D-8273-5753A940CE20}
	EndGlobalSection
EndGlobal
